
Microsoft Visual Studio Solution File, Format Version 12.00
# Visual Studio 15
VisualStudioVersion = 15.0.27703.2035
MinimumVisualStudioVersion = 10.0.40219.1
Project("{FAE04EC0-301F-11D3-BF4B-00C04F79EFBC}") = "Vega", "Vega\Vega.csproj", "{22A54EAE-DFE6-4DB3-96B0-7427171A237E}"
EndProject
Global
	GlobalSection(SolutionConfigurationPlatforms) = preSolution
		Debug|Any CPU = Debug|Any CPU
		Release|Any CPU = Release|Any CPU
	EndGlobalSection
	GlobalSection(ProjectConfigurationPlatforms) = postSolution
		{22A54EAE-DFE6-4DB3-96B0-7427171A237E}.Debug|Any CPU.ActiveCfg = Debug|Any CPU
		{22A54EAE-DFE6-4DB3-96B0-7427171A237E}.Debug|Any CPU.Build.0 = Debug|Any CPU
		{22A54EAE-DFE6-4DB3-96B0-7427171A237E}.Release|Any CPU.ActiveCfg = Release|Any CPU
		{22A54EAE-DFE6-4DB3-96B0-7427171A237E}.Release|Any CPU.Build.0 = Release|Any CPU
	EndGlobalSection
	GlobalSection(SolutionProperties) = preSolution
		HideSolutionNode = FALSE
	EndGlobalSection
	GlobalSection(ExtensibilityGlobals) = postSolution
		SolutionGuid = {4AB4562C-E649-4706-A185-3C45AB48319F}
	EndGlobalSection
EndGlobal
